PODS:
  - Alamofire (4.0.0)
  - IQKeyboardManager (4.0.6)

DEPENDENCIES:
  - Alamofire
  - IQKeyboardManager

SPEC CHECKSUMS:
  Alamofire: fef59f00388f267e52d9b432aa5d93dc97190f14
  IQKeyboardManager: c52debb1967799ae7addb98eab0cf328083a874f

PODFILE CHECKSUM: 69c254fd7b313c6def8a4c906b0f1d62e68e9d59

COCOAPODS: 1.2.1
